// !$*UTF8*$!
{
	archiveVersion = 1;
	classes = {
	};
	objectVersion = 77;
	objects = {

/* Begin PBXBuildFile section */
		01E434676645CC365DC5FF54 /* ParsedLine.swift in Sources */ = {isa = PBXBuildFile; fileRef = 2EB161E3E96D48C67987A255 /* ParsedLine.swift */; };
		071A64855336330EAA9FF25E /* UndoDelete.swift in Sources */ = {isa = PBXBuildFile; fileRef = FE157B47C7A5C89C3BBD652D /* UndoDelete.swift */; };
		089E3EC6BE904283607DD1C4 /* SupabaseProjectDefaults.swift in Sources */ = {isa = PBXBuildFile; fileRef = 151FA53FE5F4C19E1C534018 /* SupabaseProjectDefaults.swift */; };
		0B64CAFFAE07047B17039889 /* Theme.swift in Sources */ = {isa = PBXBuildFile; fileRef = A871324D0289D0C90B7F6F59 /* Theme.swift */; };
		0CE2F8C503A9D1C602BFCCF0 /* GlassButtons.swift in Sources */ = {isa = PBXBuildFile; fileRef = 7AE801B1A80A6CBE06F53FB5 /* GlassButtons.swift */; };
		205CC0BDABC6A78F169C3D8A /* SyncModelTests.swift in Sources */ = {isa = PBXBuildFile; fileRef = BD4B5D260A8BB987EDE42871 /* SyncModelTests.swift */; };
		21E87A8247C04C867DA6B2B0 /* SyncState.swift in Sources */ = {isa = PBXBuildFile; fileRef = FFC8544B974B558F4C88F8C6 /* SyncState.swift */; };
		3147BC4B4262974D888B959C /* SheetChrome.swift in Sources */ = {isa = PBXBuildFile; fileRef = 61B2FA53E8231E102210C14A /* SheetChrome.swift */; };
		32BADBAEC895A6E0E0FA1AEB /* PasteLinesSheet.swift in Sources */ = {isa = PBXBuildFile; fileRef = B401FD9C73B125C52EEB97F5 /* PasteLinesSheet.swift */; };
		33B80C2C25B777D5E5F9DE99 /* EntrySearch.swift in Sources */ = {isa = PBXBuildFile; fileRef = A2D7BB1BA5D43A868804F33C /* EntrySearch.swift */; };
		381DB26CB138E2FFB238000A /* MonthDivider.swift in Sources */ = {isa = PBXBuildFile; fileRef = 2866D0EEB82F32087C5B07DD /* MonthDivider.swift */; };
		3969F6A11AD56C067EA87858 /* ConflictPolicyTests.swift in Sources */ = {isa = PBXBuildFile; fileRef = 8DAE846D098CCB57568B0469 /* ConflictPolicyTests.swift */; };
		4220B9FDC87FFDF1E7FA458A /* DeterministicID.swift in Sources */ = {isa = PBXBuildFile; fileRef = CCFA8FC0B2CD2EC391908D19 /* DeterministicID.swift */; };
		44FDAC75936F7B7DD7E90880 /* PendingNotifications.swift in Sources */ = {isa = PBXBuildFile; fileRef = 8270CF78D7AB6E931F047188 /* PendingNotifications.swift */; };
		48CD1B544633ED9C3ADAC6D9 /* Client.swift in Sources */ = {isa = PBXBuildFile; fileRef = 2D73A7203ADA906880BF3ECB /* Client.swift */; };
		4C2D65F63D901A5BC04119B7 /* ClientDetailView.swift in Sources */ = {isa = PBXBuildFile; fileRef = 0E2E0CB44F303F2ABAF4C46A /* ClientDetailView.swift */; };
		50E37F16EC49AD97202B7779 /* SampleData.swift in Sources */ = {isa = PBXBuildFile; fileRef = 5E85CC7161B0DF4E705DA113 /* SampleData.swift */; };
		51F317749DB8410DE8A8371F /* Color+Hex.swift in Sources */ = {isa = PBXBuildFile; fileRef = E5C91A7306FB4CE7EF14BEBC /* Color+Hex.swift */; };
		5351D98923B277B562705017 /* CurrencyFormatter.swift in Sources */ = {isa = PBXBuildFile; fileRef = AC32B48D79B05C29E05826A5 /* CurrencyFormatter.swift */; };
		55F2B18DB68F8A1ADCFB9AD6 /* LineParser.swift in Sources */ = {isa = PBXBuildFile; fileRef = 40BE6CF16D6301CC214FDF33 /* LineParser.swift */; };
		5C995D5318EE64003F5C2314 /* ExchangeRateService.swift in Sources */ = {isa = PBXBuildFile; fileRef = 51A8BC0CC180A9C4D50DA359 /* ExchangeRateService.swift */; };
		5E0E0C46C7103D566E1AA7D7 /* IncomeLedgerImporter.swift in Sources */ = {isa = PBXBuildFile; fileRef = 3CE4400DE5171E33FDB2EF6B /* IncomeLedgerImporter.swift */; };
		5F55ADD3889BC2735623B133 /* PendingView.swift in Sources */ = {isa = PBXBuildFile; fileRef = 8068D7B6E3C172BF0B6CA7D8 /* PendingView.swift */; };
		654D0F5A442735ECD39C9D84 /* ExchangeRateTests.swift in Sources */ = {isa = PBXBuildFile; fileRef = ED7E74C56315608E534D7118 /* ExchangeRateTests.swift */; };
		6799B961DA20BF9ED2536CA7 /* EntrySearchTests.swift in Sources */ = {isa = PBXBuildFile; fileRef = 8E96F342B74682FCF9C1E0EF /* EntrySearchTests.swift */; };
		6B91CFCF2D157672FDFB9F0E /* RemoteRecords.swift in Sources */ = {isa = PBXBuildFile; fileRef = 1422EDE680AC1B4CF5356BAA /* RemoteRecords.swift */; };
		6E99FCF83B5E936CD1CD15E2 /* ValidationTests.swift in Sources */ = {isa = PBXBuildFile; fileRef = CCDE91A869C636CE48EFEF21 /* ValidationTests.swift */; };
		73F633FDBD20DA2F0CF89EA0 /* CurrencyConverterTests.swift in Sources */ = {isa = PBXBuildFile; fileRef = 51C864B07A1C84941939F54F /* CurrencyConverterTests.swift */; };
		74324CDD790A7412041F17E7 /* SettingsView.swift in Sources */ = {isa = PBXBuildFile; fileRef = 8AB22977B8238F3A7032AB83 /* SettingsView.swift */; };
		7D6E6FF1968919A6AECA37E4 /* CurrencyConversionTests.swift in Sources */ = {isa = PBXBuildFile; fileRef = 986EDFD9495BF098B6F919B6 /* CurrencyConversionTests.swift */; };
		808D50AFF587FB1173AD621A /* SyncCoordinator.swift in Sources */ = {isa = PBXBuildFile; fileRef = 28596D76F0D416DC4CFA07D1 /* SyncCoordinator.swift */; };
		81D9533BC87FABD2775DB5A3 /* EditEntrySheet.swift in Sources */ = {isa = PBXBuildFile; fileRef = 6C8017F6B63E954DAD326C8C /* EditEntrySheet.swift */; };
		85D430D9A174BB398E8799DC /* EntryStatus.swift in Sources */ = {isa = PBXBuildFile; fileRef = A09B086E843E8C97A4464BB2 /* EntryStatus.swift */; };
		870E4134FCF0D6B93A5A0144 /* SyncCoordinatorTests.swift in Sources */ = {isa = PBXBuildFile; fileRef = 5D7B7909369DADD8FFA989A0 /* SyncCoordinatorTests.swift */; };
		8F5B283CDDF0E5851B1FE1B9 /* LineParserTests.swift in Sources */ = {isa = PBXBuildFile; fileRef = 59FF5A0C28C3143109F9AE84 /* LineParserTests.swift */; };
		908DDB96DBCFBBEEF41CF8C6 /* UndoDeleteTests.swift in Sources */ = {isa = PBXBuildFile; fileRef = E17F6E1E98CF2BD5B5A59C00 /* UndoDeleteTests.swift */; };
		90D82C0002053E1C66554AA8 /* LedgerView.swift in Sources */ = {isa = PBXBuildFile; fileRef = 9BBBD7FBD58DB6FD25664811 /* LedgerView.swift */; };
		9605B9BF1D3394A009614D5B /* ModelSafety.swift in Sources */ = {isa = PBXBuildFile; fileRef = BF51155E67516A68756AB4B8 /* ModelSafety.swift */; };
		96C9DFB0B9BF29968C4579D6 /* InsightsView.swift in Sources */ = {isa = PBXBuildFile; fileRef = 4DD96966CA72B9E5A8ECF317 /* InsightsView.swift */; };
		9AB3CD53CFCA60FA1F9A503F /* ClientOrbChart.swift in Sources */ = {isa = PBXBuildFile; fileRef = 4BD51A63FE5E79BD54510538 /* ClientOrbChart.swift */; };
		9D5896F440BEC61ED2B46988 /* MoneyAmountText.swift in Sources */ = {isa = PBXBuildFile; fileRef = 3EF52DF486BF776CD0284740 /* MoneyAmountText.swift */; };
		A1E3C74555115A84CC1CD602 /* EmptyStateView.swift in Sources */ = {isa = PBXBuildFile; fileRef = 68409CBA9E89C99485D6BB5B /* EmptyStateView.swift */; };
		A2DC2CC37F679A9F725D2A82 /* ChangelogView.swift in Sources */ = {isa = PBXBuildFile; fileRef = 4DBE6D482970B9C7E0C73790 /* ChangelogView.swift */; };
		A329CBD0F3AEB4BD529FC8E2 /* DateFormat.swift in Sources */ = {isa = PBXBuildFile; fileRef = 66929B24A2A4A6387C1094B2 /* DateFormat.swift */; };
		A5E20556908672C771CD7841 /* NewClientSheet.swift in Sources */ = {isa = PBXBuildFile; fileRef = 02E03F716060DC11DCBBAD0F /* NewClientSheet.swift */; };
		A69113256344C3D544E1DA8F /* PendingTests.swift in Sources */ = {isa = PBXBuildFile; fileRef = F4787CC5972150E1A27609AC /* PendingTests.swift */; };
		A6DFA36DF5C023551E3ADB92 /* EntryRow.swift in Sources */ = {isa = PBXBuildFile; fileRef = 3CE94D847BE925A734A98105 /* EntryRow.swift */; };
		AC6F02E59E12E4375E4DFC7E /* AppLockTests.swift in Sources */ = {isa = PBXBuildFile; fileRef = AC905165F7A59F47E5ACFBF4 /* AppLockTests.swift */; };
		AFB3B9A8F6CE5DF2C13D3133 /* earnlineApp.swift in Sources */ = {isa = PBXBuildFile; fileRef = FFD2D56D603D17C0BCD295FE /* earnlineApp.swift */; };
		B110BB1870C59D95B7D9B39C /* ClientChip.swift in Sources */ = {isa = PBXBuildFile; fileRef = C77801ECECBF647475871354 /* ClientChip.swift */; };
		B4C1746068B2CDC3E27980E8 /* Heading.swift in Sources */ = {isa = PBXBuildFile; fileRef = BE84DC11EBAD5E2764A746A4 /* Heading.swift */; };
		B4EFD512394C931AE1B7165A /* Supabase in Frameworks */ = {isa = PBXBuildFile; productRef = 4AF6535495C693BA3A58D0C8 /* Supabase */; };
		B6EB2D91D3EDAC8A72C6582F /* EarnlineUITests.swift in Sources */ = {isa = PBXBuildFile; fileRef = 778C5101198F7EEC774E2E95 /* EarnlineUITests.swift */; };
		B7D2542C6317942DE71E675F /* CurrencyConverter.swift in Sources */ = {isa = PBXBuildFile; fileRef = A07540DA6550B8E8BF2A5AB8 /* CurrencyConverter.swift */; };
		BE6ACAA55D70C50D647C4772 /* SummaryCards.swift in Sources */ = {isa = PBXBuildFile; fileRef = B2991FAB9A43FA8A641B799A /* SummaryCards.swift */; };
		BE9133DAADA0592B24BBF651 /* AppLock.swift in Sources */ = {isa = PBXBuildFile; fileRef = 6265FDD442052E08ECCA0964 /* AppLock.swift */; };
		C9C4CADA0EB366089D8F8482 /* InsightsTests.swift in Sources */ = {isa = PBXBuildFile; fileRef = 32839318AD65467B747F50D7 /* InsightsTests.swift */; };
		CEA58DFDAC61E4DA0EEC03CB /* Entry.swift in Sources */ = {isa = PBXBuildFile; fileRef = 90CB83D56B9C6EC5B74BC4F9 /* Entry.swift */; };
		CF633DC0744A40B38978B7D2 /* Validation.swift in Sources */ = {isa = PBXBuildFile; fileRef = 4D89D605AA34D35B69B95F6E /* Validation.swift */; };
		D217BFB2A345B42DBB3D630F /* Insights.swift in Sources */ = {isa = PBXBuildFile; fileRef = 829F8B6CECB0097F1F177CBC /* Insights.swift */; };
		D2F936F6E02BA371CEE94BE7 /* Supabase in Frameworks */ = {isa = PBXBuildFile; productRef = 2EF1930025FCCEB9AF087E04 /* Supabase */; };
		D3036812DB4D3BB96F60B1C5 /* AppModel+Sync.swift in Sources */ = {isa = PBXBuildFile; fileRef = 57A18487944B820EC22DAE5E /* AppModel+Sync.swift */; };
		DB08FEC6F1CD88960D74F74A /* UndoToastView.swift in Sources */ = {isa = PBXBuildFile; fileRef = 9C9CAB55ED8C73794EC9ABD8 /* UndoToastView.swift */; };
		E00E8254154B516FC2875375 /* EditClientSheet.swift in Sources */ = {isa = PBXBuildFile; fileRef = F02C29C60D4CAFBBA27D6FDB /* EditClientSheet.swift */; };
		E1B7196B9212C5715C7E8F78 /* CHANGELOG.md in Resources */ = {isa = PBXBuildFile; fileRef = 20143D1848954FDEE99F7002 /* CHANGELOG.md */; };
		E283B8683FFE35F3E7D917D9 /* EarningsHeatmapCard.swift in Sources */ = {isa = PBXBuildFile; fileRef = A370FBDFDF50CC174CAF7D3F /* EarningsHeatmapCard.swift */; };
		E3A45153629D4F1684335516 /* AppModel.swift in Sources */ = {isa = PBXBuildFile; fileRef = C802DFDEE4441B0822458BB6 /* AppModel.swift */; };
		E427FFC8D8DC77D5D2CAD198 /* SmartComposer.swift in Sources */ = {isa = PBXBuildFile; fileRef = 79625F3F23FE9A39E4096DD0 /* SmartComposer.swift */; };
		ED96EE91DD956E5CE0588C10 /* InsightsAggregationTests.swift in Sources */ = {isa = PBXBuildFile; fileRef = FA563EB77A0F241172C91E11 /* InsightsAggregationTests.swift */; };
		F77E03B5697B567F5BB83E09 /* Assets.xcassets in Resources */ = {isa = PBXBuildFile; fileRef = EFB68DE60447EECFE99BD788 /* Assets.xcassets */; };
		FE99AD6C8129572C7173A04B /* Localizable.xcstrings in Resources */ = {isa = PBXBuildFile; fileRef = A21F1598724878782878E7D1 /* Localizable.xcstrings */; };
/* End PBXBuildFile section */

/* Begin PBXContainerItemProxy section */
		DD427416715912D360A0575F /* PBXContainerItemProxy */ = {
			isa = PBXContainerItemProxy;
			containerPortal = 915EC6C15847DD0B6B78BE98 /* Project object */;
			proxyType = 1;
			remoteGlobalIDString = 3C808029FA63CFF3B263CB5F;
			remoteInfo = earnline;
		};
		FC0598AC3BA8AA2A0BB4E26D /* PBXContainerItemProxy */ = {
			isa = PBXContainerItemProxy;
			containerPortal = 915EC6C15847DD0B6B78BE98 /* Project object */;
			proxyType = 1;
			remoteGlobalIDString = 3C808029FA63CFF3B263CB5F;
			remoteInfo = earnline;
		};
/* End PBXContainerItemProxy section */

/* Begin PBXFileReference section */
		02E03F716060DC11DCBBAD0F /* NewClientSheet.swift */ = {isa = PBXFileReference; lastKnownFileType = sourcecode.swift; path = NewClientSheet.swift; sourceTree = "<group>"; };
		0E2E0CB44F303F2ABAF4C46A /* ClientDetailView.swift */ = {isa = PBXFileReference; lastKnownFileType = sourcecode.swift; path = ClientDetailView.swift; sourceTree = "<group>"; };
		14066EAF21F6D5EE593AC78E /* earnline.app */ = {isa = PBXFileReference; includeInIndex = 0; lastKnownFileType = wrapper.application; path = earnline.app; sourceTree = BUILT_PRODUCTS_DIR; };
		1422EDE680AC1B4CF5356BAA /* RemoteRecords.swift */ = {isa = PBXFileReference; lastKnownFileType = sourcecode.swift; path = RemoteRecords.swift; sourceTree = "<group>"; };
		151FA53FE5F4C19E1C534018 /* SupabaseProjectDefaults.swift */ = {isa = PBXFileReference; lastKnownFileType = sourcecode.swift; path = SupabaseProjectDefaults.swift; sourceTree = "<group>"; };
		20143D1848954FDEE99F7002 /* CHANGELOG.md */ = {isa = PBXFileReference; lastKnownFileType = net.daringfireball.markdown; path = CHANGELOG.md; sourceTree = "<group>"; };
		28596D76F0D416DC4CFA07D1 /* SyncCoordinator.swift */ = {isa = PBXFileReference; lastKnownFileType = sourcecode.swift; path = SyncCoordinator.swift; sourceTree = "<group>"; };
		2866D0EEB82F32087C5B07DD /* MonthDivider.swift */ = {isa = PBXFileReference; lastKnownFileType = sourcecode.swift; path = MonthDivider.swift; sourceTree = "<group>"; };
		2D73A7203ADA906880BF3ECB /* Client.swift */ = {isa = PBXFileReference; lastKnownFileType = sourcecode.swift; path = Client.swift; sourceTree = "<group>"; };
		2EB161E3E96D48C67987A255 /* ParsedLine.swift */ = {isa = PBXFileReference; lastKnownFileType = sourcecode.swift; path = ParsedLine.swift; sourceTree = "<group>"; };
		32839318AD65467B747F50D7 /* InsightsTests.swift */ = {isa = PBXFileReference; lastKnownFileType = sourcecode.swift; path = InsightsTests.swift; sourceTree = "<group>"; };
		3CE4400DE5171E33FDB2EF6B /* IncomeLedgerImporter.swift */ = {isa = PBXFileReference; lastKnownFileType = sourcecode.swift; path = IncomeLedgerImporter.swift; sourceTree = "<group>"; };
		3CE94D847BE925A734A98105 /* EntryRow.swift */ = {isa = PBXFileReference; lastKnownFileType = sourcecode.swift; path = EntryRow.swift; sourceTree = "<group>"; };
		3EF52DF486BF776CD0284740 /* MoneyAmountText.swift */ = {isa = PBXFileReference; lastKnownFileType = sourcecode.swift; path = MoneyAmountText.swift; sourceTree = "<group>"; };
		40BE6CF16D6301CC214FDF33 /* LineParser.swift */ = {isa = PBXFileReference; lastKnownFileType = sourcecode.swift; path = LineParser.swift; sourceTree = "<group>"; };
		4BD51A63FE5E79BD54510538 /* ClientOrbChart.swift */ = {isa = PBXFileReference; lastKnownFileType = sourcecode.swift; path = ClientOrbChart.swift; sourceTree = "<group>"; };
		4D89D605AA34D35B69B95F6E /* Validation.swift */ = {isa = PBXFileReference; lastKnownFileType = sourcecode.swift; path = Validation.swift; sourceTree = "<group>"; };
		4DBE6D482970B9C7E0C73790 /* ChangelogView.swift */ = {isa = PBXFileReference; lastKnownFileType = sourcecode.swift; path = ChangelogView.swift; sourceTree = "<group>"; };
		4DD96966CA72B9E5A8ECF317 /* InsightsView.swift */ = {isa = PBXFileReference; lastKnownFileType = sourcecode.swift; path = InsightsView.swift; sourceTree = "<group>"; };
		51A8BC0CC180A9C4D50DA359 /* ExchangeRateService.swift */ = {isa = PBXFileReference; lastKnownFileType = sourcecode.swift; path = ExchangeRateService.swift; sourceTree = "<group>"; };
		51C864B07A1C84941939F54F /* CurrencyConverterTests.swift */ = {isa = PBXFileReference; lastKnownFileType = sourcecode.swift; path = CurrencyConverterTests.swift; sourceTree = "<group>"; };
		57A18487944B820EC22DAE5E /* AppModel+Sync.swift */ = {isa = PBXFileReference; lastKnownFileType = sourcecode.swift; path = "AppModel+Sync.swift"; sourceTree = "<group>"; };
		59FF5A0C28C3143109F9AE84 /* LineParserTests.swift */ = {isa = PBXFileReference; lastKnownFileType = sourcecode.swift; path = LineParserTests.swift; sourceTree = "<group>"; };
		5D7B7909369DADD8FFA989A0 /* SyncCoordinatorTests.swift */ = {isa = PBXFileReference; lastKnownFileType = sourcecode.swift; path = SyncCoordinatorTests.swift; sourceTree = "<group>"; };
		5E85CC7161B0DF4E705DA113 /* SampleData.swift */ = {isa = PBXFileReference; lastKnownFileType = sourcecode.swift; path = SampleData.swift; sourceTree = "<group>"; };
		61B2FA53E8231E102210C14A /* SheetChrome.swift */ = {isa = PBXFileReference; lastKnownFileType = sourcecode.swift; path = SheetChrome.swift; sourceTree = "<group>"; };
		6265FDD442052E08ECCA0964 /* AppLock.swift */ = {isa = PBXFileReference; lastKnownFileType = sourcecode.swift; path = AppLock.swift; sourceTree = "<group>"; };
		66929B24A2A4A6387C1094B2 /* DateFormat.swift */ = {isa = PBXFileReference; lastKnownFileType = sourcecode.swift; path = DateFormat.swift; sourceTree = "<group>"; };
		68409CBA9E89C99485D6BB5B /* EmptyStateView.swift */ = {isa = PBXFileReference; lastKnownFileType = sourcecode.swift; path = EmptyStateView.swift; sourceTree = "<group>"; };
		6C8017F6B63E954DAD326C8C /* EditEntrySheet.swift */ = {isa = PBXFileReference; lastKnownFileType = sourcecode.swift; path = EditEntrySheet.swift; sourceTree = "<group>"; };
		778C5101198F7EEC774E2E95 /* EarnlineUITests.swift */ = {isa = PBXFileReference; lastKnownFileType = sourcecode.swift; path = EarnlineUITests.swift; sourceTree = "<group>"; };
		79625F3F23FE9A39E4096DD0 /* SmartComposer.swift */ = {isa = PBXFileReference; lastKnownFileType = sourcecode.swift; path = SmartComposer.swift; sourceTree = "<group>"; };
		7AA92183ECCEF8766232F943 /* earnlineTests.xctest */ = {isa = PBXFileReference; includeInIndex = 0; lastKnownFileType = wrapper.cfbundle; path = earnlineTests.xctest; sourceTree = BUILT_PRODUCTS_DIR; };
		7AE801B1A80A6CBE06F53FB5 /* GlassButtons.swift */ = {isa = PBXFileReference; lastKnownFileType = sourcecode.swift; path = GlassButtons.swift; sourceTree = "<group>"; };
		8068D7B6E3C172BF0B6CA7D8 /* PendingView.swift */ = {isa = PBXFileReference; lastKnownFileType = sourcecode.swift; path = PendingView.swift; sourceTree = "<group>"; };
		8270CF78D7AB6E931F047188 /* PendingNotifications.swift */ = {isa = PBXFileReference; lastKnownFileType = sourcecode.swift; path = PendingNotifications.swift; sourceTree = "<group>"; };
		829F8B6CECB0097F1F177CBC /* Insights.swift */ = {isa = PBXFileReference; lastKnownFileType = sourcecode.swift; path = Insights.swift; sourceTree = "<group>"; };
		8AB22977B8238F3A7032AB83 /* SettingsView.swift */ = {isa = PBXFileReference; lastKnownFileType = sourcecode.swift; path = SettingsView.swift; sourceTree = "<group>"; };
		8DAE846D098CCB57568B0469 /* ConflictPolicyTests.swift */ = {isa = PBXFileReference; lastKnownFileType = sourcecode.swift; path = ConflictPolicyTests.swift; sourceTree = "<group>"; };
		8E96F342B74682FCF9C1E0EF /* EntrySearchTests.swift */ = {isa = PBXFileReference; lastKnownFileType = sourcecode.swift; path = EntrySearchTests.swift; sourceTree = "<group>"; };
		90CB83D56B9C6EC5B74BC4F9 /* Entry.swift */ = {isa = PBXFileReference; lastKnownFileType = sourcecode.swift; path = Entry.swift; sourceTree = "<group>"; };
		981AA17E514844E75A4E7873 /* earnlineUITests.xctest */ = {isa = PBXFileReference; includeInIndex = 0; lastKnownFileType = wrapper.cfbundle; path = earnlineUITests.xctest; sourceTree = BUILT_PRODUCTS_DIR; };
		986EDFD9495BF098B6F919B6 /* CurrencyConversionTests.swift */ = {isa = PBXFileReference; lastKnownFileType = sourcecode.swift; path = CurrencyConversionTests.swift; sourceTree = "<group>"; };
		9BBBD7FBD58DB6FD25664811 /* LedgerView.swift */ = {isa = PBXFileReference; lastKnownFileType = sourcecode.swift; path = LedgerView.swift; sourceTree = "<group>"; };
		9C9CAB55ED8C73794EC9ABD8 /* UndoToastView.swift */ = {isa = PBXFileReference; lastKnownFileType = sourcecode.swift; path = UndoToastView.swift; sourceTree = "<group>"; };
		A07540DA6550B8E8BF2A5AB8 /* CurrencyConverter.swift */ = {isa = PBXFileReference; lastKnownFileType = sourcecode.swift; path = CurrencyConverter.swift; sourceTree = "<group>"; };
		A09B086E843E8C97A4464BB2 /* EntryStatus.swift */ = {isa = PBXFileReference; lastKnownFileType = sourcecode.swift; path = EntryStatus.swift; sourceTree = "<group>"; };
		A21F1598724878782878E7D1 /* Localizable.xcstrings */ = {isa = PBXFileReference; lastKnownFileType = text.json.xcstrings; path = Localizable.xcstrings; sourceTree = "<group>"; };
		A2D7BB1BA5D43A868804F33C /* EntrySearch.swift */ = {isa = PBXFileReference; lastKnownFileType = sourcecode.swift; path = EntrySearch.swift; sourceTree = "<group>"; };
		A370FBDFDF50CC174CAF7D3F /* EarningsHeatmapCard.swift */ = {isa = PBXFileReference; lastKnownFileType = sourcecode.swift; path = EarningsHeatmapCard.swift; sourceTree = "<group>"; };
		A871324D0289D0C90B7F6F59 /* Theme.swift */ = {isa = PBXFileReference; lastKnownFileType = sourcecode.swift; path = Theme.swift; sourceTree = "<group>"; };
		AC32B48D79B05C29E05826A5 /* CurrencyFormatter.swift */ = {isa = PBXFileReference; lastKnownFileType = sourcecode.swift; path = CurrencyFormatter.swift; sourceTree = "<group>"; };
		AC905165F7A59F47E5ACFBF4 /* AppLockTests.swift */ = {isa = PBXFileReference; lastKnownFileType = sourcecode.swift; path = AppLockTests.swift; sourceTree = "<group>"; };
		B2991FAB9A43FA8A641B799A /* SummaryCards.swift */ = {isa = PBXFileReference; lastKnownFileType = sourcecode.swift; path = SummaryCards.swift; sourceTree = "<group>"; };
		B401FD9C73B125C52EEB97F5 /* PasteLinesSheet.swift */ = {isa = PBXFileReference; lastKnownFileType = sourcecode.swift; path = PasteLinesSheet.swift; sourceTree = "<group>"; };
		BD4B5D260A8BB987EDE42871 /* SyncModelTests.swift */ = {isa = PBXFileReference; lastKnownFileType = sourcecode.swift; path = SyncModelTests.swift; sourceTree = "<group>"; };
		BE84DC11EBAD5E2764A746A4 /* Heading.swift */ = {isa = PBXFileReference; lastKnownFileType = sourcecode.swift; path = Heading.swift; sourceTree = "<group>"; };
		BF51155E67516A68756AB4B8 /* ModelSafety.swift */ = {isa = PBXFileReference; lastKnownFileType = sourcecode.swift; path = ModelSafety.swift; sourceTree = "<group>"; };
		C77801ECECBF647475871354 /* ClientChip.swift */ = {isa = PBXFileReference; lastKnownFileType = sourcecode.swift; path = ClientChip.swift; sourceTree = "<group>"; };
		C802DFDEE4441B0822458BB6 /* AppModel.swift */ = {isa = PBXFileReference; lastKnownFileType = sourcecode.swift; path = AppModel.swift; sourceTree = "<group>"; };
		CCDE91A869C636CE48EFEF21 /* ValidationTests.swift */ = {isa = PBXFileReference; lastKnownFileType = sourcecode.swift; path = ValidationTests.swift; sourceTree = "<group>"; };
		CCFA8FC0B2CD2EC391908D19 /* DeterministicID.swift */ = {isa = PBXFileReference; lastKnownFileType = sourcecode.swift; path = DeterministicID.swift; sourceTree = "<group>"; };
		E17F6E1E98CF2BD5B5A59C00 /* UndoDeleteTests.swift */ = {isa = PBXFileReference; lastKnownFileType = sourcecode.swift; path = UndoDeleteTests.swift; sourceTree = "<group>"; };
		E5C91A7306FB4CE7EF14BEBC /* Color+Hex.swift */ = {isa = PBXFileReference; lastKnownFileType = sourcecode.swift; path = "Color+Hex.swift"; sourceTree = "<group>"; };
		ED7E74C56315608E534D7118 /* ExchangeRateTests.swift */ = {isa = PBXFileReference; lastKnownFileType = sourcecode.swift; path = ExchangeRateTests.swift; sourceTree = "<group>"; };
		EFB68DE60447EECFE99BD788 /* Assets.xcassets */ = {isa = PBXFileReference; lastKnownFileType = folder.assetcatalog; path = Assets.xcassets; sourceTree = "<group>"; };
		F02C29C60D4CAFBBA27D6FDB /* EditClientSheet.swift */ = {isa = PBXFileReference; lastKnownFileType = sourcecode.swift; path = EditClientSheet.swift; sourceTree = "<group>"; };
		F4787CC5972150E1A27609AC /* PendingTests.swift */ = {isa = PBXFileReference; lastKnownFileType = sourcecode.swift; path = PendingTests.swift; sourceTree = "<group>"; };
		FA563EB77A0F241172C91E11 /* InsightsAggregationTests.swift */ = {isa = PBXFileReference; lastKnownFileType = sourcecode.swift; path = InsightsAggregationTests.swift; sourceTree = "<group>"; };
		FE157B47C7A5C89C3BBD652D /* UndoDelete.swift */ = {isa = PBXFileReference; lastKnownFileType = sourcecode.swift; path = UndoDelete.swift; sourceTree = "<group>"; };
		FFC8544B974B558F4C88F8C6 /* SyncState.swift */ = {isa = PBXFileReference; lastKnownFileType = sourcecode.swift; path = SyncState.swift; sourceTree = "<group>"; };
		FFD2D56D603D17C0BCD295FE /* earnlineApp.swift */ = {isa = PBXFileReference; lastKnownFileType = sourcecode.swift; path = earnlineApp.swift; sourceTree = "<group>"; };
/* End PBXFileReference section */

/* Begin PBXFrameworksBuildPhase section */
		AA591E40359FD661988F10CE /* Frameworks */ = {
			isa = PBXFrameworksBuildPhase;
			buildActionMask = 2147483647;
			files = (
				B4EFD512394C931AE1B7165A /* Supabase in Frameworks */,
			);
			runOnlyForDeploymentPostprocessing = 0;
		};
		BD67424C6BF5BF8EBEF5F3B3 /* Frameworks */ = {
			isa = PBXFrameworksBuildPhase;
			buildActionMask = 2147483647;
			files = (
				D2F936F6E02BA371CEE94BE7 /* Supabase in Frameworks */,
			);
			runOnlyForDeploymentPostprocessing = 0;
		};
/* End PBXFrameworksBuildPhase section */

/* Begin PBXGroup section */
		2DC740E5B3432991A863C4AA /* Resources */ = {
			isa = PBXGroup;
			children = (
				20143D1848954FDEE99F7002 /* CHANGELOG.md */,
				A21F1598724878782878E7D1 /* Localizable.xcstrings */,
			);
			path = Resources;
			sourceTree = "<group>";
		};
		372F2CCEFBAD4FA85DEDC304 /* Products */ = {
			isa = PBXGroup;
			children = (
				14066EAF21F6D5EE593AC78E /* earnline.app */,
				7AA92183ECCEF8766232F943 /* earnlineTests.xctest */,
				981AA17E514844E75A4E7873 /* earnlineUITests.xctest */,
			);
			name = Products;
			sourceTree = "<group>";
		};
		3A885120DD06A71DF3F19BB9 /* Util */ = {
			isa = PBXGroup;
			children = (
				6265FDD442052E08ECCA0964 /* AppLock.swift */,
				A07540DA6550B8E8BF2A5AB8 /* CurrencyConverter.swift */,
				CCFA8FC0B2CD2EC391908D19 /* DeterministicID.swift */,
				A2D7BB1BA5D43A868804F33C /* EntrySearch.swift */,
				51A8BC0CC180A9C4D50DA359 /* ExchangeRateService.swift */,
				3CE4400DE5171E33FDB2EF6B /* IncomeLedgerImporter.swift */,
				829F8B6CECB0097F1F177CBC /* Insights.swift */,
				8270CF78D7AB6E931F047188 /* PendingNotifications.swift */,
				5E85CC7161B0DF4E705DA113 /* SampleData.swift */,
				FE157B47C7A5C89C3BBD652D /* UndoDelete.swift */,
				4D89D605AA34D35B69B95F6E /* Validation.swift */,
			);
			path = Util;
			sourceTree = "<group>";
		};
		41D462969DC47EED8D486843 = {
			isa = PBXGroup;
			children = (
				50097CA6E2FF325D892F424C /* earnline */,
				D5C4673EC52903A0D2238A7F /* earnlineTests */,
				E9AA3EA4713F610B4CEF5324 /* earnlineUITests */,
				372F2CCEFBAD4FA85DEDC304 /* Products */,
			);
			sourceTree = "<group>";
		};
		50097CA6E2FF325D892F424C /* earnline */ = {
			isa = PBXGroup;
			children = (
				7478BFB0B2B3E28BBC69250C /* Models */,
				9EA65CAB0C8315C09A348AB4 /* Parsing */,
				2DC740E5B3432991A863C4AA /* Resources */,
				DE12AD64484A77AA3F8E7770 /* Sync */,
				C2F6C1D5250DE8B6E4D02AC5 /* Theme */,
				3A885120DD06A71DF3F19BB9 /* Util */,
				FD7663938DD246431EE620E4 /* ViewModels */,
				919B87D02A025C83C724FBC5 /* Views */,
				EFB68DE60447EECFE99BD788 /* Assets.xcassets */,
				FFD2D56D603D17C0BCD295FE /* earnlineApp.swift */,
			);
			path = earnline;
			sourceTree = "<group>";
		};
		7478BFB0B2B3E28BBC69250C /* Models */ = {
			isa = PBXGroup;
			children = (
				2D73A7203ADA906880BF3ECB /* Client.swift */,
				90CB83D56B9C6EC5B74BC4F9 /* Entry.swift */,
				A09B086E843E8C97A4464BB2 /* EntryStatus.swift */,
				BE84DC11EBAD5E2764A746A4 /* Heading.swift */,
				BF51155E67516A68756AB4B8 /* ModelSafety.swift */,
				FFC8544B974B558F4C88F8C6 /* SyncState.swift */,
			);
			path = Models;
			sourceTree = "<group>";
		};
		919B87D02A025C83C724FBC5 /* Views */ = {
			isa = PBXGroup;
			children = (
				4DBE6D482970B9C7E0C73790 /* ChangelogView.swift */,
				C77801ECECBF647475871354 /* ClientChip.swift */,
				0E2E0CB44F303F2ABAF4C46A /* ClientDetailView.swift */,
				4BD51A63FE5E79BD54510538 /* ClientOrbChart.swift */,
				A370FBDFDF50CC174CAF7D3F /* EarningsHeatmapCard.swift */,
				F02C29C60D4CAFBBA27D6FDB /* EditClientSheet.swift */,
				6C8017F6B63E954DAD326C8C /* EditEntrySheet.swift */,
				68409CBA9E89C99485D6BB5B /* EmptyStateView.swift */,
				3CE94D847BE925A734A98105 /* EntryRow.swift */,
				7AE801B1A80A6CBE06F53FB5 /* GlassButtons.swift */,
				4DD96966CA72B9E5A8ECF317 /* InsightsView.swift */,
				9BBBD7FBD58DB6FD25664811 /* LedgerView.swift */,
				3EF52DF486BF776CD0284740 /* MoneyAmountText.swift */,
				2866D0EEB82F32087C5B07DD /* MonthDivider.swift */,
				02E03F716060DC11DCBBAD0F /* NewClientSheet.swift */,
				B401FD9C73B125C52EEB97F5 /* PasteLinesSheet.swift */,
				8068D7B6E3C172BF0B6CA7D8 /* PendingView.swift */,
				8AB22977B8238F3A7032AB83 /* SettingsView.swift */,
				61B2FA53E8231E102210C14A /* SheetChrome.swift */,
				79625F3F23FE9A39E4096DD0 /* SmartComposer.swift */,
				B2991FAB9A43FA8A641B799A /* SummaryCards.swift */,
				9C9CAB55ED8C73794EC9ABD8 /* UndoToastView.swift */,
			);
			path = Views;
			sourceTree = "<group>";
		};
		9EA65CAB0C8315C09A348AB4 /* Parsing */ = {
			isa = PBXGroup;
			children = (
				40BE6CF16D6301CC214FDF33 /* LineParser.swift */,
				2EB161E3E96D48C67987A255 /* ParsedLine.swift */,
			);
			path = Parsing;
			sourceTree = "<group>";
		};
		C2F6C1D5250DE8B6E4D02AC5 /* Theme */ = {
			isa = PBXGroup;
			children = (
				E5C91A7306FB4CE7EF14BEBC /* Color+Hex.swift */,
				AC32B48D79B05C29E05826A5 /* CurrencyFormatter.swift */,
				66929B24A2A4A6387C1094B2 /* DateFormat.swift */,
				A871324D0289D0C90B7F6F59 /* Theme.swift */,
			);
			path = Theme;
			sourceTree = "<group>";
		};
		D5C4673EC52903A0D2238A7F /* earnlineTests */ = {
			isa = PBXGroup;
			children = (
				AC905165F7A59F47E5ACFBF4 /* AppLockTests.swift */,
				8DAE846D098CCB57568B0469 /* ConflictPolicyTests.swift */,
				986EDFD9495BF098B6F919B6 /* CurrencyConversionTests.swift */,
				51C864B07A1C84941939F54F /* CurrencyConverterTests.swift */,
				8E96F342B74682FCF9C1E0EF /* EntrySearchTests.swift */,
				ED7E74C56315608E534D7118 /* ExchangeRateTests.swift */,
				FA563EB77A0F241172C91E11 /* InsightsAggregationTests.swift */,
				32839318AD65467B747F50D7 /* InsightsTests.swift */,
				59FF5A0C28C3143109F9AE84 /* LineParserTests.swift */,
				F4787CC5972150E1A27609AC /* PendingTests.swift */,
				5D7B7909369DADD8FFA989A0 /* SyncCoordinatorTests.swift */,
				BD4B5D260A8BB987EDE42871 /* SyncModelTests.swift */,
				E17F6E1E98CF2BD5B5A59C00 /* UndoDeleteTests.swift */,
				CCDE91A869C636CE48EFEF21 /* ValidationTests.swift */,
			);
			path = earnlineTests;
			sourceTree = "<group>";
		};
		DE12AD64484A77AA3F8E7770 /* Sync */ = {
			isa = PBXGroup;
			children = (
				1422EDE680AC1B4CF5356BAA /* RemoteRecords.swift */,
				151FA53FE5F4C19E1C534018 /* SupabaseProjectDefaults.swift */,
				28596D76F0D416DC4CFA07D1 /* SyncCoordinator.swift */,
			);
			path = Sync;
			sourceTree = "<group>";
		};
		E9AA3EA4713F610B4CEF5324 /* earnlineUITests */ = {
			isa = PBXGroup;
			children = (
				778C5101198F7EEC774E2E95 /* EarnlineUITests.swift */,
			);
			path = earnlineUITests;
			sourceTree = "<group>";
		};
		FD7663938DD246431EE620E4 /* ViewModels */ = {
			isa = PBXGroup;
			children = (
				C802DFDEE4441B0822458BB6 /* AppModel.swift */,
				57A18487944B820EC22DAE5E /* AppModel+Sync.swift */,
			);
			path = ViewModels;
			sourceTree = "<group>";
		};
/* End PBXGroup section */

/* Begin PBXNativeTarget section */
		0A022DC032F7C98F286FACE3 /* earnlineUITests */ = {
			isa = PBXNativeTarget;
			buildConfigurationList = E80A678A9EBAD455ECA35E05 /* Build configuration list for PBXNativeTarget "earnlineUITests" */;
			buildPhases = (
				C89043DB6B2E787D5659AC2E /* Sources */,
			);
			buildRules = (
			);
			dependencies = (
				4B691FF27F668BFBB19460D2 /* PBXTargetDependency */,
			);
			name = earnlineUITests;
			packageProductDependencies = (
			);
			productName = earnlineUITests;
			productReference = 981AA17E514844E75A4E7873 /* earnlineUITests.xctest */;
			productType = "com.apple.product-type.bundle.ui-testing";
		};
		3C808029FA63CFF3B263CB5F /* earnline */ = {
			isa = PBXNativeTarget;
			buildConfigurationList = D4086F1D0DF39F8CC5E8F5A4 /* Build configuration list for PBXNativeTarget "earnline" */;
			buildPhases = (
				AC4B48BF13DEBF13A37CBD26 /* Sources */,
				556F1F0DFB9D0B3DC704884D /* Resources */,
				AA591E40359FD661988F10CE /* Frameworks */,
			);
			buildRules = (
			);
			dependencies = (
			);
			name = earnline;
			packageProductDependencies = (
				4AF6535495C693BA3A58D0C8 /* Supabase */,
			);
			productName = earnline;
			productReference = 14066EAF21F6D5EE593AC78E /* earnline.app */;
			productType = "com.apple.product-type.application";
		};
		43D655A2369D28AE1A46AE31 /* earnlineTests */ = {
			isa = PBXNativeTarget;
			buildConfigurationList = 34679A0A9FFA741AE4C166CA /* Build configuration list for PBXNativeTarget "earnlineTests" */;
			buildPhases = (
				49D2DF43F5CA9D446BF1DAA7 /* Sources */,
				BD67424C6BF5BF8EBEF5F3B3 /* Frameworks */,
			);
			buildRules = (
			);
			dependencies = (
				24552DA4B799301A8E8E574C /* PBXTargetDependency */,
			);
			name = earnlineTests;
			packageProductDependencies = (
				2EF1930025FCCEB9AF087E04 /* Supabase */,
			);
			productName = earnlineTests;
			productReference = 7AA92183ECCEF8766232F943 /* earnlineTests.xctest */;
			productType = "com.apple.product-type.bundle.unit-test";
		};
/* End PBXNativeTarget section */

/* Begin PBXProject section */
		915EC6C15847DD0B6B78BE98 /* Project object */ = {
			isa = PBXProject;
			attributes = {
				BuildIndependentTargetsInParallel = YES;
				LastUpgradeCheck = 1430;
				TargetAttributes = {
					0A022DC032F7C98F286FACE3 = {
						TestTargetID = 3C808029FA63CFF3B263CB5F;
					};
				};
			};
			buildConfigurationList = E08CA77C35C5344DF2A9C0A6 /* Build configuration list for PBXProject "earnline" */;
			developmentRegion = en;
			hasScannedForEncodings = 0;
			knownRegions = (
				Base,
				en,
				ru,
			);
			mainGroup = 41D462969DC47EED8D486843;
			minimizedProjectReferenceProxies = 1;
			packageReferences = (
				6A1D5B71E75C498867A3270F /* XCRemoteSwiftPackageReference "supabase-swift" */,
			);
			preferredProjectObjectVersion = 77;
			productRefGroup = 372F2CCEFBAD4FA85DEDC304 /* Products */;
			projectDirPath = "";
			projectRoot = "";
			targets = (
				3C808029FA63CFF3B263CB5F /* earnline */,
				43D655A2369D28AE1A46AE31 /* earnlineTests */,
				0A022DC032F7C98F286FACE3 /* earnlineUITests */,
			);
		};
/* End PBXProject section */

/* Begin PBXResourcesBuildPhase section */
		556F1F0DFB9D0B3DC704884D /* Resources */ = {
			isa = PBXResourcesBuildPhase;
			buildActionMask = 2147483647;
			files = (
				F77E03B5697B567F5BB83E09 /* Assets.xcassets in Resources */,
				E1B7196B9212C5715C7E8F78 /* CHANGELOG.md in Resources */,
				FE99AD6C8129572C7173A04B /* Localizable.xcstrings in Resources */,
			);
			runOnlyForDeploymentPostprocessing = 0;
		};
/* End PBXResourcesBuildPhase section */

/* Begin PBXSourcesBuildPhase section */
		49D2DF43F5CA9D446BF1DAA7 /* Sources */ = {
			isa = PBXSourcesBuildPhase;
			buildActionMask = 2147483647;
			files = (
				AC6F02E59E12E4375E4DFC7E /* AppLockTests.swift in Sources */,
				3969F6A11AD56C067EA87858 /* ConflictPolicyTests.swift in Sources */,
				7D6E6FF1968919A6AECA37E4 /* CurrencyConversionTests.swift in Sources */,
				73F633FDBD20DA2F0CF89EA0 /* CurrencyConverterTests.swift in Sources */,
				6799B961DA20BF9ED2536CA7 /* EntrySearchTests.swift in Sources */,
				654D0F5A442735ECD39C9D84 /* ExchangeRateTests.swift in Sources */,
				ED96EE91DD956E5CE0588C10 /* InsightsAggregationTests.swift in Sources */,
				C9C4CADA0EB366089D8F8482 /* InsightsTests.swift in Sources */,
				8F5B283CDDF0E5851B1FE1B9 /* LineParserTests.swift in Sources */,
				A69113256344C3D544E1DA8F /* PendingTests.swift in Sources */,
				870E4134FCF0D6B93A5A0144 /* SyncCoordinatorTests.swift in Sources */,
				205CC0BDABC6A78F169C3D8A /* SyncModelTests.swift in Sources */,
				908DDB96DBCFBBEEF41CF8C6 /* UndoDeleteTests.swift in Sources */,
				6E99FCF83B5E936CD1CD15E2 /* ValidationTests.swift in Sources */,
			);
			runOnlyForDeploymentPostprocessing = 0;
		};
		AC4B48BF13DEBF13A37CBD26 /* Sources */ = {
			isa = PBXSourcesBuildPhase;
			buildActionMask = 2147483647;
			files = (
				BE9133DAADA0592B24BBF651 /* AppLock.swift in Sources */,
				D3036812DB4D3BB96F60B1C5 /* AppModel+Sync.swift in Sources */,
				E3A45153629D4F1684335516 /* AppModel.swift in Sources */,
				A2DC2CC37F679A9F725D2A82 /* ChangelogView.swift in Sources */,
				48CD1B544633ED9C3ADAC6D9 /* Client.swift in Sources */,
				B110BB1870C59D95B7D9B39C /* ClientChip.swift in Sources */,
				4C2D65F63D901A5BC04119B7 /* ClientDetailView.swift in Sources */,
				9AB3CD53CFCA60FA1F9A503F /* ClientOrbChart.swift in Sources */,
				51F317749DB8410DE8A8371F /* Color+Hex.swift in Sources */,
				B7D2542C6317942DE71E675F /* CurrencyConverter.swift in Sources */,
				5351D98923B277B562705017 /* CurrencyFormatter.swift in Sources */,
				A329CBD0F3AEB4BD529FC8E2 /* DateFormat.swift in Sources */,
				4220B9FDC87FFDF1E7FA458A /* DeterministicID.swift in Sources */,
				E283B8683FFE35F3E7D917D9 /* EarningsHeatmapCard.swift in Sources */,
				E00E8254154B516FC2875375 /* EditClientSheet.swift in Sources */,
				81D9533BC87FABD2775DB5A3 /* EditEntrySheet.swift in Sources */,
				A1E3C74555115A84CC1CD602 /* EmptyStateView.swift in Sources */,
				CEA58DFDAC61E4DA0EEC03CB /* Entry.swift in Sources */,
				A6DFA36DF5C023551E3ADB92 /* EntryRow.swift in Sources */,
				33B80C2C25B777D5E5F9DE99 /* EntrySearch.swift in Sources */,
				85D430D9A174BB398E8799DC /* EntryStatus.swift in Sources */,
				5C995D5318EE64003F5C2314 /* ExchangeRateService.swift in Sources */,
				0CE2F8C503A9D1C602BFCCF0 /* GlassButtons.swift in Sources */,
				B4C1746068B2CDC3E27980E8 /* Heading.swift in Sources */,
				5E0E0C46C7103D566E1AA7D7 /* IncomeLedgerImporter.swift in Sources */,
				D217BFB2A345B42DBB3D630F /* Insights.swift in Sources */,
				96C9DFB0B9BF29968C4579D6 /* InsightsView.swift in Sources */,
				90D82C0002053E1C66554AA8 /* LedgerView.swift in Sources */,
				55F2B18DB68F8A1ADCFB9AD6 /* LineParser.swift in Sources */,
				9605B9BF1D3394A009614D5B /* ModelSafety.swift in Sources */,
				9D5896F440BEC61ED2B46988 /* MoneyAmountText.swift in Sources */,
				381DB26CB138E2FFB238000A /* MonthDivider.swift in Sources */,
				A5E20556908672C771CD7841 /* NewClientSheet.swift in Sources */,
				01E434676645CC365DC5FF54 /* ParsedLine.swift in Sources */,
				32BADBAEC895A6E0E0FA1AEB /* PasteLinesSheet.swift in Sources */,
				44FDAC75936F7B7DD7E90880 /* PendingNotifications.swift in Sources */,
				5F55ADD3889BC2735623B133 /* PendingView.swift in Sources */,
				6B91CFCF2D157672FDFB9F0E /* RemoteRecords.swift in Sources */,
				50E37F16EC49AD97202B7779 /* SampleData.swift in Sources */,
				74324CDD790A7412041F17E7 /* SettingsView.swift in Sources */,
				3147BC4B4262974D888B959C /* SheetChrome.swift in Sources */,
				E427FFC8D8DC77D5D2CAD198 /* SmartComposer.swift in Sources */,
				BE6ACAA55D70C50D647C4772 /* SummaryCards.swift in Sources */,
				089E3EC6BE904283607DD1C4 /* SupabaseProjectDefaults.swift in Sources */,
				808D50AFF587FB1173AD621A /* SyncCoordinator.swift in Sources */,
				21E87A8247C04C867DA6B2B0 /* SyncState.swift in Sources */,
				0B64CAFFAE07047B17039889 /* Theme.swift in Sources */,
				071A64855336330EAA9FF25E /* UndoDelete.swift in Sources */,
				DB08FEC6F1CD88960D74F74A /* UndoToastView.swift in Sources */,
				CF633DC0744A40B38978B7D2 /* Validation.swift in Sources */,
				AFB3B9A8F6CE5DF2C13D3133 /* earnlineApp.swift in Sources */,
			);
			runOnlyForDeploymentPostprocessing = 0;
		};
		C89043DB6B2E787D5659AC2E /* Sources */ = {
			isa = PBXSourcesBuildPhase;
			buildActionMask = 2147483647;
			files = (
				B6EB2D91D3EDAC8A72C6582F /* EarnlineUITests.swift in Sources */,
			);
			runOnlyForDeploymentPostprocessing = 0;
		};
/* End PBXSourcesBuildPhase section */

/* Begin PBXTargetDependency section */
		24552DA4B799301A8E8E574C /* PBXTargetDependency */ = {
			isa = PBXTargetDependency;
			target = 3C808029FA63CFF3B263CB5F /* earnline */;
			targetProxy = DD427416715912D360A0575F /* PBXContainerItemProxy */;
		};
		4B691FF27F668BFBB19460D2 /* PBXTargetDependency */ = {
			isa = PBXTargetDependency;
			target = 3C808029FA63CFF3B263CB5F /* earnline */;
			targetProxy = FC0598AC3BA8AA2A0BB4E26D /* PBXContainerItemProxy */;
		};
/* End PBXTargetDependency section */

/* Begin XCBuildConfiguration section */
		34894C6247A916C9FA3BACC9 /* Release */ = {
			isa = XCBuildConfiguration;
			buildSettings = {
				BUNDLE_LOADER = "$(TEST_HOST)";
				GENERATE_INFOPLIST_FILE = YES;
				IPHONEOS_DEPLOYMENT_TARGET = 26.0;
				LD_RUNPATH_SEARCH_PATHS = (
					"$(inherited)",
					"@executable_path/Frameworks",
					"@loader_path/Frameworks",
				);
				PRODUCT_BUNDLE_IDENTIFIER = com.earnline.uitests;
				SDKROOT = iphoneos;
				TARGETED_DEVICE_FAMILY = "1,2";
				TEST_TARGET_NAME = earnline;
			};
			name = Release;
		};
		3C2FD10C63EA41AB37B37E51 /* Release */ = {
			isa = XCBuildConfiguration;
			buildSettings = {
				ASSETCATALOG_COMPILER_APPICON_NAME = AppIcon;
				ASSETCATALOG_COMPILER_GLOBAL_ACCENT_COLOR_NAME = AccentColor;
				CODE_SIGN_IDENTITY = "iPhone Developer";
				DEVELOPMENT_ASSET_PATHS = "";
				GENERATE_INFOPLIST_FILE = YES;
				INFOPLIST_KEY_UIApplicationSceneManifest_Generation = YES;
				INFOPLIST_KEY_UILaunchScreen_Generation = YES;
				INFOPLIST_KEY_UISupportedInterfaceOrientations = UIInterfaceOrientationPortrait;
				IPHONEOS_DEPLOYMENT_TARGET = 26.0;
				LD_RUNPATH_SEARCH_PATHS = (
					"$(inherited)",
					"@executable_path/Frameworks",
				);
				PRODUCT_BUNDLE_IDENTIFIER = com.earnline.app;
				SDKROOT = iphoneos;
				TARGETED_DEVICE_FAMILY = 1;
			};
			name = Release;
		};
		5D30460F173FC6CB10AD142D /* Debug */ = {
			isa = XCBuildConfiguration;
			buildSettings = {
				ALWAYS_SEARCH_USER_PATHS = NO;
				CLANG_ANALYZER_NONNULL = YES;
				CLANG_ANALYZER_NUMBER_OBJECT_CONVERSION = YES_AGGRESSIVE;
				CLANG_CXX_LANGUAGE_STANDARD = "gnu++14";
				CLANG_CXX_LIBRARY = "libc++";
				CLANG_ENABLE_MODULES = YES;
				CLANG_ENABLE_OBJC_ARC = YES;
				CLANG_ENABLE_OBJC_WEAK = YES;
				CLANG_WARN_BLOCK_CAPTURE_AUTORELEASING = YES;
				CLANG_WARN_BOOL_CONVERSION = YES;
				CLANG_WARN_COMMA = YES;
				CLANG_WARN_CONSTANT_CONVERSION = YES;
				CLANG_WARN_DEPRECATED_OBJC_IMPLEMENTATIONS = YES;
				CLANG_WARN_DIRECT_OBJC_ISA_USAGE = YES_ERROR;
				CLANG_WARN_DOCUMENTATION_COMMENTS = YES;
				CLANG_WARN_EMPTY_BODY = YES;
				CLANG_WARN_ENUM_CONVERSION = YES;
				CLANG_WARN_INFINITE_RECURSION = YES;
				CLANG_WARN_INT_CONVERSION = YES;
				CLANG_WARN_NON_LITERAL_NULL_CONVERSION = YES;
				CLANG_WARN_OBJC_IMPLICIT_RETAIN_SELF = YES;
				CLANG_WARN_OBJC_LITERAL_CONVERSION = YES;
				CLANG_WARN_OBJC_ROOT_CLASS = YES_ERROR;
				CLANG_WARN_QUOTED_INCLUDE_IN_FRAMEWORK_HEADER = YES;
				CLANG_WARN_RANGE_LOOP_ANALYSIS = YES;
				CLANG_WARN_STRICT_PROTOTYPES = YES;
				CLANG_WARN_SUSPICIOUS_MOVE = YES;
				CLANG_WARN_UNGUARDED_AVAILABILITY = YES_AGGRESSIVE;
				CLANG_WARN_UNREACHABLE_CODE = YES;
				CLANG_WARN__DUPLICATE_METHOD_MATCH = YES;
				CODE_SIGNING_ALLOWED = NO;
				CODE_SIGNING_REQUIRED = NO;
				COPY_PHASE_STRIP = NO;
				CURRENT_PROJECT_VERSION = 1;
				DEBUG_INFORMATION_FORMAT = dwarf;
				ENABLE_STRICT_OBJC_MSGSEND = YES;
				ENABLE_TESTABILITY = YES;
				GCC_C_LANGUAGE_STANDARD = gnu11;
				GCC_DYNAMIC_NO_PIC = NO;
				GCC_NO_COMMON_BLOCKS = YES;
				GCC_OPTIMIZATION_LEVEL = 0;
				GCC_PREPROCESSOR_DEFINITIONS = (
					"$(inherited)",
					"DEBUG=1",
				);
				GCC_WARN_64_TO_32_BIT_CONVERSION = YES;
				GCC_WARN_ABOUT_RETURN_TYPE = YES_ERROR;
				GCC_WARN_UNDECLARED_SELECTOR = YES;
				GCC_WARN_UNINITIALIZED_AUTOS = YES_AGGRESSIVE;
				GCC_WARN_UNUSED_FUNCTION = YES;
				GCC_WARN_UNUSED_VARIABLE = YES;
				IPHONEOS_DEPLOYMENT_TARGET = 26.0;
				MARKETING_VERSION = 1.0;
				MTL_ENABLE_DEBUG_INFO = INCLUDE_SOURCE;
				MTL_FAST_MATH = YES;
				ONLY_ACTIVE_ARCH = YES;
				PRODUCT_NAME = "$(TARGET_NAME)";
				SDKROOT = iphoneos;
				SWIFT_ACTIVE_COMPILATION_CONDITIONS = DEBUG;
				SWIFT_OPTIMIZATION_LEVEL = "-Onone";
				SWIFT_VERSION = 6.0;
			};
			name = Debug;
		};
		67D2D417972E8A162AE7E549 /* Debug */ = {
			isa = XCBuildConfiguration;
			buildSettings = {
				BUNDLE_LOADER = "$(TEST_HOST)";
				GENERATE_INFOPLIST_FILE = YES;
				IPHONEOS_DEPLOYMENT_TARGET = 26.0;
				LD_RUNPATH_SEARCH_PATHS = (
					"$(inherited)",
					"@executable_path/Frameworks",
					"@loader_path/Frameworks",
				);
				PRODUCT_BUNDLE_IDENTIFIER = com.earnline.tests;
				SDKROOT = iphoneos;
				TARGETED_DEVICE_FAMILY = "1,2";
				TEST_HOST = "$(BUILT_PRODUCTS_DIR)/earnline.app/earnline";
			};
			name = Debug;
		};
		A71AFDA06F3B9BCF86362123 /* Debug */ = {
			isa = XCBuildConfiguration;
			buildSettings = {
				ASSETCATALOG_COMPILER_APPICON_NAME = AppIcon;
				ASSETCATALOG_COMPILER_GLOBAL_ACCENT_COLOR_NAME = AccentColor;
				CODE_SIGN_IDENTITY = "iPhone Developer";
				DEVELOPMENT_ASSET_PATHS = "";
				GENERATE_INFOPLIST_FILE = YES;
				INFOPLIST_KEY_UIApplicationSceneManifest_Generation = YES;
				INFOPLIST_KEY_UILaunchScreen_Generation = YES;
				INFOPLIST_KEY_UISupportedInterfaceOrientations = UIInterfaceOrientationPortrait;
				IPHONEOS_DEPLOYMENT_TARGET = 26.0;
				LD_RUNPATH_SEARCH_PATHS = (
					"$(inherited)",
					"@executable_path/Frameworks",
				);
				PRODUCT_BUNDLE_IDENTIFIER = com.earnline.app;
				SDKROOT = iphoneos;
				TARGETED_DEVICE_FAMILY = 1;
			};
			name = Debug;
		};
		B6F8B6EF3698FD030193B911 /* Release */ = {
			isa = XCBuildConfiguration;
			buildSettings = {
				BUNDLE_LOADER = "$(TEST_HOST)";
				GENERATE_INFOPLIST_FILE = YES;
				IPHONEOS_DEPLOYMENT_TARGET = 26.0;
				LD_RUNPATH_SEARCH_PATHS = (
					"$(inherited)",
					"@executable_path/Frameworks",
					"@loader_path/Frameworks",
				);
				PRODUCT_BUNDLE_IDENTIFIER = com.earnline.tests;
				SDKROOT = iphoneos;
				TARGETED_DEVICE_FAMILY = "1,2";
				TEST_HOST = "$(BUILT_PRODUCTS_DIR)/earnline.app/earnline";
			};
			name = Release;
		};
		F8191B02825B674806904409 /* Release */ = {
			isa = XCBuildConfiguration;
			buildSettings = {
				ALWAYS_SEARCH_USER_PATHS = NO;
				CLANG_ANALYZER_NONNULL = YES;
				CLANG_ANALYZER_NUMBER_OBJECT_CONVERSION = YES_AGGRESSIVE;
				CLANG_CXX_LANGUAGE_STANDARD = "gnu++14";
				CLANG_CXX_LIBRARY = "libc++";
				CLANG_ENABLE_MODULES = YES;
				CLANG_ENABLE_OBJC_ARC = YES;
				CLANG_ENABLE_OBJC_WEAK = YES;
				CLANG_WARN_BLOCK_CAPTURE_AUTORELEASING = YES;
				CLANG_WARN_BOOL_CONVERSION = YES;
				CLANG_WARN_COMMA = YES;
				CLANG_WARN_CONSTANT_CONVERSION = YES;
				CLANG_WARN_DEPRECATED_OBJC_IMPLEMENTATIONS = YES;
				CLANG_WARN_DIRECT_OBJC_ISA_USAGE = YES_ERROR;
				CLANG_WARN_DOCUMENTATION_COMMENTS = YES;
				CLANG_WARN_EMPTY_BODY = YES;
				CLANG_WARN_ENUM_CONVERSION = YES;
				CLANG_WARN_INFINITE_RECURSION = YES;
				CLANG_WARN_INT_CONVERSION = YES;
				CLANG_WARN_NON_LITERAL_NULL_CONVERSION = YES;
				CLANG_WARN_OBJC_IMPLICIT_RETAIN_SELF = YES;
				CLANG_WARN_OBJC_LITERAL_CONVERSION = YES;
				CLANG_WARN_OBJC_ROOT_CLASS = YES_ERROR;
				CLANG_WARN_QUOTED_INCLUDE_IN_FRAMEWORK_HEADER = YES;
				CLANG_WARN_RANGE_LOOP_ANALYSIS = YES;
				CLANG_WARN_STRICT_PROTOTYPES = YES;
				CLANG_WARN_SUSPICIOUS_MOVE = YES;
				CLANG_WARN_UNGUARDED_AVAILABILITY = YES_AGGRESSIVE;
				CLANG_WARN_UNREACHABLE_CODE = YES;
				CLANG_WARN__DUPLICATE_METHOD_MATCH = YES;
				CODE_SIGNING_ALLOWED = NO;
				CODE_SIGNING_REQUIRED = NO;
				COPY_PHASE_STRIP = NO;
				CURRENT_PROJECT_VERSION = 1;
				DEBUG_INFORMATION_FORMAT = "dwarf-with-dsym";
				ENABLE_NS_ASSERTIONS = NO;
				ENABLE_STRICT_OBJC_MSGSEND = YES;
				GCC_C_LANGUAGE_STANDARD = gnu11;
				GCC_NO_COMMON_BLOCKS = YES;
				GCC_WARN_64_TO_32_BIT_CONVERSION = YES;
				GCC_WARN_ABOUT_RETURN_TYPE = YES_ERROR;
				GCC_WARN_UNDECLARED_SELECTOR = YES;
				GCC_WARN_UNINITIALIZED_AUTOS = YES_AGGRESSIVE;
				GCC_WARN_UNUSED_FUNCTION = YES;
				GCC_WARN_UNUSED_VARIABLE = YES;
				IPHONEOS_DEPLOYMENT_TARGET = 26.0;
				MARKETING_VERSION = 1.0;
				MTL_ENABLE_DEBUG_INFO = NO;
				MTL_FAST_MATH = YES;
				PRODUCT_NAME = "$(TARGET_NAME)";
				SDKROOT = iphoneos;
				SWIFT_COMPILATION_MODE = wholemodule;
				SWIFT_OPTIMIZATION_LEVEL = "-O";
				SWIFT_VERSION = 6.0;
			};
			name = Release;
		};
		FA86FB282A2E1CCBDE108946 /* Debug */ = {
			isa = XCBuildConfiguration;
			buildSettings = {
				BUNDLE_LOADER = "$(TEST_HOST)";
				GENERATE_INFOPLIST_FILE = YES;
				IPHONEOS_DEPLOYMENT_TARGET = 26.0;
				LD_RUNPATH_SEARCH_PATHS = (
					"$(inherited)",
					"@executable_path/Frameworks",
					"@loader_path/Frameworks",
				);
				PRODUCT_BUNDLE_IDENTIFIER = com.earnline.uitests;
				SDKROOT = iphoneos;
				TARGETED_DEVICE_FAMILY = "1,2";
				TEST_TARGET_NAME = earnline;
			};
			name = Debug;
		};
/* End XCBuildConfiguration section */

/* Begin XCConfigurationList section */
		34679A0A9FFA741AE4C166CA /* Build configuration list for PBXNativeTarget "earnlineTests" */ = {
			isa = XCConfigurationList;
			buildConfigurations = (
				67D2D417972E8A162AE7E549 /* Debug */,
				B6F8B6EF3698FD030193B911 /* Release */,
			);
			defaultConfigurationIsVisible = 0;
			defaultConfigurationName = Debug;
		};
		D4086F1D0DF39F8CC5E8F5A4 /* Build configuration list for PBXNativeTarget "earnline" */ = {
			isa = XCConfigurationList;
			buildConfigurations = (
				A71AFDA06F3B9BCF86362123 /* Debug */,
				3C2FD10C63EA41AB37B37E51 /* Release */,
			);
			defaultConfigurationIsVisible = 0;
			defaultConfigurationName = Debug;
		};
		E08CA77C35C5344DF2A9C0A6 /* Build configuration list for PBXProject "earnline" */ = {
			isa = XCConfigurationList;
			buildConfigurations = (
				5D30460F173FC6CB10AD142D /* Debug */,
				F8191B02825B674806904409 /* Release */,
			);
			defaultConfigurationIsVisible = 0;
			defaultConfigurationName = Debug;
		};
		E80A678A9EBAD455ECA35E05 /* Build configuration list for PBXNativeTarget "earnlineUITests" */ = {
			isa = XCConfigurationList;
			buildConfigurations = (
				FA86FB282A2E1CCBDE108946 /* Debug */,
				34894C6247A916C9FA3BACC9 /* Release */,
			);
			defaultConfigurationIsVisible = 0;
			defaultConfigurationName = Debug;
		};
/* End XCConfigurationList section */

/* Begin XCRemoteSwiftPackageReference section */
		6A1D5B71E75C498867A3270F /* XCRemoteSwiftPackageReference "supabase-swift" */ = {
			isa = XCRemoteSwiftPackageReference;
			repositoryURL = "https://github.com/supabase/supabase-swift.git";
			requirement = {
				kind = exactVersion;
				version = 2.48.0;
			};
		};
/* End XCRemoteSwiftPackageReference section */

/* Begin XCSwiftPackageProductDependency section */
		2EF1930025FCCEB9AF087E04 /* Supabase */ = {
			isa = XCSwiftPackageProductDependency;
			package = 6A1D5B71E75C498867A3270F /* XCRemoteSwiftPackageReference "supabase-swift" */;
			productName = Supabase;
		};
		4AF6535495C693BA3A58D0C8 /* Supabase */ = {
			isa = XCSwiftPackageProductDependency;
			package = 6A1D5B71E75C498867A3270F /* XCRemoteSwiftPackageReference "supabase-swift" */;
			productName = Supabase;
		};
/* End XCSwiftPackageProductDependency section */
	};
	rootObject = 915EC6C15847DD0B6B78BE98 /* Project object */;
}
